
Microsoft Visual Studio Solution File, Format Version 12.00
# Visual Studio Version 17
VisualStudioVersion = 17.11.35222.181
MinimumVisualStudioVersion = 10.0.40219.1
Project("{FAE04EC0-301F-11D3-BF4B-00C04F79EFBC}") = "Laba_5", "Laba_5.csproj", "{77C4EAE9-3C2B-4AC9-8D07-80DC72A6A168}"
EndProject
Global
	GlobalSection(SolutionConfigurationPlatforms) = preSolution
		Debug|Any CPU = Debug|Any CPU
		Release|Any CPU = Release|Any CPU
	EndGlobalSection
	GlobalSection(ProjectConfigurationPlatforms) = postSolution
		{77C4EAE9-3C2B-4AC9-8D07-80DC72A6A168}.Debug|Any CPU.ActiveCfg = Debug|Any CPU
		{77C4EAE9-3C2B-4AC9-8D07-80DC72A6A168}.Debug|Any CPU.Build.0 = Debug|Any CPU
		{77C4EAE9-3C2B-4AC9-8D07-80DC72A6A168}.Release|Any CPU.ActiveCfg = Release|Any CPU
		{77C4EAE9-3C2B-4AC9-8D07-80DC72A6A168}.Release|Any CPU.Build.0 = Release|Any CPU
	EndGlobalSection
	GlobalSection(SolutionProperties) = preSolution
		HideSolutionNode = FALSE
	EndGlobalSection
	GlobalSection(ExtensibilityGlobals) = postSolution
		SolutionGuid = {649BF64E-2CE7-4A70-8D7D-573F3CEC5660}
	EndGlobalSection
EndGlobal
